
Microsoft Visual Studio Solution File, Format Version 12.00
# Visual Studio Version 16
VisualStudioVersion = 16.0.30517.126
MinimumVisualStudioVersion = 10.0.40219.1
Project("{9A19103F-16F7-4668-BE54-9A1E7A4F7556}") = "AddressBook", "AddressBook\AddressBook.csproj", "{C156AFDC-3309-47FF-ADCF-6B24325B91F3}"
EndProject
Project("{FAE04EC0-301F-11D3-BF4B-00C04F79EFBC}") = "AddressBookTest", "AddressBookTest\AddressBookTest.csproj", "{7E2B6B7E-912E-4C98-AE06-E3A9A9583040}"
EndProject
Global
	GlobalSection(SolutionConfigurationPlatforms) = preSolution
		Debug|Any CPU = Debug|Any CPU
		Release|Any CPU = Release|Any CPU
	EndGlobalSection
	GlobalSection(ProjectConfigurationPlatforms) = postSolution
		{C156AFDC-3309-47FF-ADCF-6B24325B91F3}.Debug|Any CPU.ActiveCfg = Debug|Any CPU
		{C156AFDC-3309-47FF-ADCF-6B24325B91F3}.Debug|Any CPU.Build.0 = Debug|Any CPU
		{C156AFDC-3309-47FF-ADCF-6B24325B91F3}.Release|Any CPU.ActiveCfg = Release|Any CPU
		{C156AFDC-3309-47FF-ADCF-6B24325B91F3}.Release|Any CPU.Build.0 = Release|Any CPU
		{7E2B6B7E-912E-4C98-AE06-E3A9A9583040}.Debug|Any CPU.ActiveCfg = Debug|Any CPU
		{7E2B6B7E-912E-4C98-AE06-E3A9A9583040}.Debug|Any CPU.Build.0 = Debug|Any CPU
		{7E2B6B7E-912E-4C98-AE06-E3A9A9583040}.Release|Any CPU.ActiveCfg = Release|Any CPU
		{7E2B6B7E-912E-4C98-AE06-E3A9A9583040}.Release|Any CPU.Build.0 = Release|Any CPU
	EndGlobalSection
	GlobalSection(SolutionProperties) = preSolution
		HideSolutionNode = FALSE
	EndGlobalSection
	GlobalSection(ExtensibilityGlobals) = postSolution
		SolutionGuid = {ED57C73B-B6CD-484F-8052-644F13D51112}
	EndGlobalSection
EndGlobal
